[[package]]
name = "asgiref"
version = "3.5.2"
description = "ASGI specs, helper code, and adapters"
category = "main"
optional = false
python-versions = ">=3.7"

[package.extras]
tests = ["mypy (>=0.800)", "pytest", "pytest-asyncio"]

[[package]]
name = "backports.zoneinfo"
version = "0.2.1"
description = "Backport of the standard library zoneinfo module"
category = "main"
optional = false
python-versions = ">=3.6"

[package.extras]
tzdata = ["tzdata"]

[[package]]
name = "Django"
version = "4.1.2"
description = "A high-level Python web framework that encourages rapid development and clean, pragmatic design."
category = "main"
optional = false
python-versions = ">=3.8"

[package.dependencies]
asgiref = ">=3.5.2,<4"
"backports.zoneinfo" = {version = "*", markers = "python_version < \"3.9\""}
sqlparse = ">=0.2.2"
tzdata = {version = "*", markers = "sys_platform == \"win32\""}

[package.extras]
argon2 = ["argon2-cffi (>=19.1.0)"]
bcrypt = ["bcrypt"]

[[package]]
name = "djangorestframework"
version = "3.14.0"
description = "Web APIs for Django, made easy."
category = "main"
optional = false
python-versions = ">=3.6"

[package.dependencies]
django = ">=3.0"
pytz = "*"

[[package]]
name = "flake8"
version = "5.0.4"
description = "the modular source code checker: pep8 pyflakes and co"
category = "main"
optional = false
python-versions = ">=3.6.1"

[package.dependencies]
mccabe = ">=0.7.0,<0.8.0"
pycodestyle = ">=2.9.0,<2.10.0"
pyflakes = ">=2.5.0,<2.6.0"

[[package]]
name = "mccabe"
version = "0.7.0"
description = "McCabe checker, plugin for flake8"
category = "main"
optional = false
python-versions = ">=3.6"

[[package]]
name = "pycodestyle"
version = "2.9.1"
description = "Python style guide checker"
category = "main"
optional = false
python-versions = ">=3.6"

[[package]]
name = "pyflakes"
version = "2.5.0"
description = "passive checker of Python programs"
category = "main"
optional = false
python-versions = ">=3.6"

[[package]]
name = "python-decouple"
version = "3.6"
description = "Strict separation of settings from code."
category = "main"
optional = false
python-versions = "*"

[[package]]
name = "pytz"
version = "2022.4"
description = "World timezone definitions, modern and historical"
category = "main"
optional = false
python-versions = "*"

[[package]]
name = "sqlparse"
version = "0.4.3"
description = "A non-validating SQL parser."
category = "main"
optional = false
python-versions = ">=3.5"

[[package]]
name = "tzdata"
version = "2022.4"
description = "Provider of IANA time zone data"
category = "main"
optional = false
python-versions = ">=2"

[metadata]
lock-version = "1.1"
python-versions = "^3.8"
content-hash = "0dea3e8c3f8f5f47ebee77f46197aa1aeed31774a287989770900fdffce21378"

[metadata.files]
asgiref = [
    {file = "asgiref-3.5.2-py3-none-any.whl", hash = "sha256:1d2880b792ae8757289136f1db2b7b99100ce959b2aa57fd69dab783d05afac4"},
    {file = "asgiref-3.5.2.tar.gz", hash = "sha256:4a29362a6acebe09bf1d6640db38c1dc3d9217c68e6f9f6204d72667fc19a424"},
]
"backports.zoneinfo" = [
    {file = "backports.zoneinfo-0.2.1-cp36-cp36m-macosx_10_14_x86_64.whl", hash = "sha256:da6013fd84a690242c310d77ddb8441a559e9cb3d3d59ebac9aca1a57b2e18bc"},
    {file = "backports.zoneinfo-0.2.1-cp36-cp36m-manylinux1_i686.whl", hash = "sha256:89a48c0d158a3cc3f654da4c2de1ceba85263fafb861b98b59040a5086259722"},
    {file = "backports.zoneinfo-0.2.1-cp36-cp36m-manylinux1_x86_64.whl", hash = "sha256:1c5742112073a563c81f786e77514969acb58649bcdf6cdf0b4ed31a348d4546"},
    {file = "backports.zoneinfo-0.2.1-cp36-cp36m-win32.whl", hash = "sha256:e8236383a20872c0cdf5a62b554b27538db7fa1bbec52429d8d106effbaeca08"},
    {file = "backports.zoneinfo-0.2.1-cp36-cp36m-win_amd64.whl", hash = "sha256:8439c030a11780786a2002261569bdf362264f605dfa4d65090b64b05c9f79a7"},
    {file = "backports.zoneinfo-0.2.1-cp37-cp37m-macosx_10_14_x86_64.whl", hash = "sha256:f04e857b59d9d1ccc39ce2da1021d196e47234873820cbeaad210724b1ee28ac"},
    {file = "backports.zoneinfo-0.2.1-cp37-cp37m-manylinux1_i686.whl", hash = "sha256:17746bd546106fa389c51dbea67c8b7c8f0d14b5526a579ca6ccf5ed72c526cf"},
    {file = "backports.zoneinfo-0.2.1-cp37-cp37m-manylinux1_x86_64.whl", hash = "sha256:5c144945a7752ca544b4b78c8c41544cdfaf9786f25fe5ffb10e838e19a27570"},
    {file = "backports.zoneinfo-0.2.1-cp37-cp37m-win32.whl", hash = "sha256:e55b384612d93be96506932a786bbcde5a2db7a9e6a4bb4bffe8b733f5b9036b"},
    {file = "backports.zoneinfo-0.2.1-cp37-cp37m-win_amd64.whl", hash = "sha256:a76b38c52400b762e48131494ba26be363491ac4f9a04c1b7e92483d169f6582"},
    {file = "backports.zoneinfo-0.2.1-cp38-cp38-macosx_10_14_x86_64.whl", hash = "sha256:8961c0f32cd0336fb8e8ead11a1f8cd99ec07145ec2931122faaac1c8f7fd987"},
    {file = "backports.zoneinfo-0.2.1-cp38-cp38-manylinux1_i686.whl", hash = "sha256:e81b76cace8eda1fca50e345242ba977f9be6ae3945af8d46326d776b4cf78d1"},
    {file = "backports.zoneinfo-0.2.1-cp38-cp38-manylinux1_x86_64.whl", hash = "sha256:7b0a64cda4145548fed9efc10322770f929b944ce5cee6c0dfe0c87bf4c0c8c9"},
    {file = "backports.zoneinfo-0.2.1-cp38-cp38-win32.whl", hash = "sha256:1b13e654a55cd45672cb54ed12148cd33628f672548f373963b0bff67b217328"},
    {file = "backports.zoneinfo-0.2.1-cp38-cp38-win_amd64.whl", hash = "sha256:4a0f800587060bf8880f954dbef70de6c11bbe59c673c3d818921f042f9954a6"},
    {file = "backports.zoneinfo-0.2.1.tar.gz", hash = "sha256:fadbfe37f74051d024037f223b8e001611eac868b5c5b06144ef4d8b799862f2"},
]
Django = [
    {file = "Django-4.1.2-py3-none-any.whl", hash = "sha256:26dc24f99c8956374a054bcbf58aab8dc0cad2e6ac82b0fe036b752c00eee793"},
    {file = "Django-4.1.2.tar.gz", hash = "sha256:b8d843714810ab88d59344507d4447be8b2cf12a49031363b6eed9f1b9b2280f"},
]
djangorestframework = [
    {file = "djangorestframework-3.14.0-py3-none-any.whl", hash = "sha256:eb63f58c9f218e1a7d064d17a70751f528ed4e1d35547fdade9aaf4cd103fd08"},
    {file = "djangorestframework-3.14.0.tar.gz", hash = "sha256:579a333e6256b09489cbe0a067e66abe55c6595d8926be6b99423786334350c8"},
]
flake8 = [
    {file = "flake8-5.0.4-py2.py3-none-any.whl", hash = "sha256:7a1cf6b73744f5806ab95e526f6f0d8c01c66d7bbe349562d22dfca20610b248"},
    {file = "flake8-5.0.4.tar.gz", hash = "sha256:6fbe320aad8d6b95cec8b8e47bc933004678dc63095be98528b7bdd2a9f510db"},
]
mccabe = [
    {file = "mccabe-0.7.0-py2.py3-none-any.whl", hash = "sha256:6c2d30ab6be0e4a46919781807b4f0d834ebdd6c6e3dca0bda5a15f863427b6e"},
    {file = "mccabe-0.7.0.tar.gz", hash = "sha256:348e0240c33b60bbdf4e523192ef919f28cb2c3d7d5c7794f74009290f236325"},
]
pycodestyle = [
    {file = "pycodestyle-2.9.1-py2.py3-none-any.whl", hash = "sha256:d1735fc58b418fd7c5f658d28d943854f8a849b01a5d0a1e6f3f3fdd0166804b"},
    {file = "pycodestyle-2.9.1.tar.gz", hash = "sha256:2c9607871d58c76354b697b42f5d57e1ada7d261c261efac224b664affdc5785"},
]
pyflakes = [
    {file = "pyflakes-2.5.0-py2.py3-none-any.whl", hash = "sha256:4579f67d887f804e67edb544428f264b7b24f435b263c4614f384135cea553d2"},
    {file = "pyflakes-2.5.0.tar.gz", hash = "sha256:491feb020dca48ccc562a8c0cbe8df07ee13078df59813b83959cbdada312ea3"},
]
python-decouple = [
    {file = "python-decouple-3.6.tar.gz", hash = "sha256:2838cdf77a5cf127d7e8b339ce14c25bceb3af3e674e039d4901ba16359968c7"},
    {file = "python_decouple-3.6-py3-none-any.whl", hash = "sha256:6cf502dc963a5c642ea5ead069847df3d916a6420cad5599185de6bab11d8c2e"},
]
pytz = [
    {file = "pytz-2022.4-py2.py3-none-any.whl", hash = "sha256:2c0784747071402c6e99f0bafdb7da0fa22645f06554c7ae06bf6358897e9c91"},
    {file = "pytz-2022.4.tar.gz", hash = "sha256:48ce799d83b6f8aab2020e369b627446696619e79645419610b9facd909b3174"},
]
sqlparse = [
    {file = "sqlparse-0.4.3-py3-none-any.whl", hash = "sha256:0323c0ec29cd52bceabc1b4d9d579e311f3e4961b98d174201d5622a23b85e34"},
    {file = "sqlparse-0.4.3.tar.gz", hash = "sha256:69ca804846bb114d2ec380e4360a8a340db83f0ccf3afceeb1404df028f57268"},
]
tzdata = [
    {file = "tzdata-2022.4-py2.py3-none-any.whl", hash = "sha256:74da81ecf2b3887c94e53fc1d466d4362aaf8b26fc87cda18f22004544694583"},
    {file = "tzdata-2022.4.tar.gz", hash = "sha256:ada9133fbd561e6ec3d1674d3fba50251636e918aa97bd59d63735bef5a513bb"},
]
